
Microsoft Visual Studio Solution File, Format Version 12.00
# Visual Studio Version 17
VisualStudioVersion = 17.11.35219.272
MinimumVisualStudioVersion = 10.0.40219.1
Project("{FAE04EC0-301F-11D3-BF4B-00C04F79EFBC}") = "Max_min", "Max_min\Max_min.csproj", "{36A769E2-54F9-43C4-9C59-4B9207A25B2E}"
EndProject
Global
	GlobalSection(SolutionConfigurationPlatforms) = preSolution
		Debug|Any CPU = Debug|Any CPU
		Release|Any CPU = Release|Any CPU
	EndGlobalSection
	GlobalSection(ProjectConfigurationPlatforms) = postSolution
		{36A769E2-54F9-43C4-9C59-4B9207A25B2E}.Debug|Any CPU.ActiveCfg = Debug|Any CPU
		{36A769E2-54F9-43C4-9C59-4B9207A25B2E}.Debug|Any CPU.Build.0 = Debug|Any CPU
		{36A769E2-54F9-43C4-9C59-4B9207A25B2E}.Release|Any CPU.ActiveCfg = Release|Any CPU
		{36A769E2-54F9-43C4-9C59-4B9207A25B2E}.Release|Any CPU.Build.0 = Release|Any CPU
	EndGlobalSection
	GlobalSection(SolutionProperties) = preSolution
		HideSolutionNode = FALSE
	EndGlobalSection
	GlobalSection(ExtensibilityGlobals) = postSolution
		SolutionGuid = {C3F0FB08-3493-439A-AFA8-9EC3D8963FC1}
	EndGlobalSection
EndGlobal
